
Microsoft Visual Studio Solution File, Format Version 12.00
# Visual Studio Version 16
VisualStudioVersion = 16.0.30104.148
MinimumVisualStudioVersion = 10.0.40219.1
Project("{9A19103F-16F7-4668-BE54-9A1E7A4F7556}") = "ByCSharp", "ByCSharp.csproj", "{BB142D1B-0536-4309-A9C7-7EA0254E489C}"
EndProject
Global
	GlobalSection(SolutionConfigurationPlatforms) = preSolution
		Debug|Any CPU = Debug|Any CPU
		Release|Any CPU = Release|Any CPU
	EndGlobalSection
	GlobalSection(ProjectConfigurationPlatforms) = postSolution
		{BB142D1B-0536-4309-A9C7-7EA0254E489C}.Debug|Any CPU.ActiveCfg = Debug|Any CPU
		{BB142D1B-0536-4309-A9C7-7EA0254E489C}.Debug|Any CPU.Build.0 = Debug|Any CPU
		{BB142D1B-0536-4309-A9C7-7EA0254E489C}.Release|Any CPU.ActiveCfg = Release|Any CPU
		{BB142D1B-0536-4309-A9C7-7EA0254E489C}.Release|Any CPU.Build.0 = Release|Any CPU
	EndGlobalSection
	GlobalSection(SolutionProperties) = preSolution
		HideSolutionNode = FALSE
	EndGlobalSection
	GlobalSection(ExtensibilityGlobals) = postSolution
		SolutionGuid = {CEC3240C-7662-4C80-8E3C-C2574A6AC3B1}
	EndGlobalSection
EndGlobal
